// !$*UTF8*$!
{
	archiveVersion = 1;
	classes = {
	};
	objectVersion = 46;
	objects = {

/* Begin PBXBuildFile section */
		0307B6AC1DEFE8AC00D8A3FF /* CalendarCellView.xib in Resources */ = {isa = PBXBuildFile; fileRef = 0307B6AB1DEFE8AC00D8A3FF /* CalendarCellView.xib */; };
		0307B6AE1DEFE93100D8A3FF /* CalendarCellView.swift in Sources */ = {isa = PBXBuildFile; fileRef = 0307B6AD1DEFE93100D8A3FF /* CalendarCellView.swift */; };
		0307B6B01DEFF28C00D8A3FF /* CalendarViewController.swift in Sources */ = {isa = PBXBuildFile; fileRef = 0307B6AF1DEFF28C00D8A3FF /* CalendarViewController.swift */; };
		0307B6B41DF3AAED00D8A3FF /* CalendarHeaderView.xib in Resources */ = {isa = PBXBuildFile; fileRef = 0307B6B31DF3AAED00D8A3FF /* CalendarHeaderView.xib */; };
		0307B6B61DF3ABC300D8A3FF /* CalendarHeaderView.swift in Sources */ = {isa = PBXBuildFile; fileRef = 0307B6B51DF3ABC300D8A3FF /* CalendarHeaderView.swift */; };
		0307B6B81DF3F7BA00D8A3FF /* CalendarTableCellTableViewCell.swift in Sources */ = {isa = PBXBuildFile; fileRef = 0307B6B71DF3F7BA00D8A3FF /* CalendarTableCellTableViewCell.swift */; };
		031300F01DD9108C00381716 /* TaskManager.storyboard in Resources */ = {isa = PBXBuildFile; fileRef = 031300EF1DD9108C00381716 /* TaskManager.storyboard */; };
		031300F31DD9126400381716 /* TaskListTableViewController.swift in Sources */ = {isa = PBXBuildFile; fileRef = 031300F21DD9126400381716 /* TaskListTableViewController.swift */; };
		031300F51DD9127800381716 /* TaskMapViewController.swift in Sources */ = {isa = PBXBuildFile; fileRef = 031300F41DD9127800381716 /* TaskMapViewController.swift */; };
		031300F71DD912A600381716 /* TasksViewController.swift in Sources */ = {isa = PBXBuildFile; fileRef = 031300F61DD912A600381716 /* TasksViewController.swift */; };
		031300F91DD917DE00381716 /* MessageDetail.storyboard in Resources */ = {isa = PBXBuildFile; fileRef = 031300F81DD917DE00381716 /* MessageDetail.storyboard */; };
		031300FB1DD9181200381716 /* Settings.storyboard in Resources */ = {isa = PBXBuildFile; fileRef = 031300FA1DD9181200381716 /* Settings.storyboard */; };
		031300FD1DD9194200381716 /* SettingsViewController.swift in Sources */ = {isa = PBXBuildFile; fileRef = 031300FC1DD9194200381716 /* SettingsViewController.swift */; };
		031301011DD9289400381716 /* SignInViewController.swift in Sources */ = {isa = PBXBuildFile; fileRef = 031301001DD9289400381716 /* SignInViewController.swift */; };
		031301031DD9289F00381716 /* SignUpViewController.swift in Sources */ = {isa = PBXBuildFile; fileRef = 031301021DD9289F00381716 /* SignUpViewController.swift */; };
		031301051DD9363500381716 /* SignUpMoreDetailsViewController.swift in Sources */ = {isa = PBXBuildFile; fileRef = 031301041DD9363500381716 /* SignUpMoreDetailsViewController.swift */; };
		031301071DD9369000381716 /* MeetAssistantViewController.swift in Sources */ = {isa = PBXBuildFile; fileRef = 031301061DD9369000381716 /* MeetAssistantViewController.swift */; };
		0331B6371DF797DC00FD42EE /* SearchResultTableViewCell.swift in Sources */ = {isa = PBXBuildFile; fileRef = 0331B6361DF797DC00FD42EE /* SearchResultTableViewCell.swift */; };
		0340513E1DD4295D005F6B82 /* AppDelegate.swift in Sources */ = {isa = PBXBuildFile; fileRef = 0340513D1DD4295D005F6B82 /* AppDelegate.swift */; };
		034051431DD4295D005F6B82 /* Main.storyboard in Resources */ = {isa = PBXBuildFile; fileRef = 034051411DD4295D005F6B82 /* Main.storyboard */; };
		034051451DD4295D005F6B82 /* Assets.xcassets in Resources */ = {isa = PBXBuildFile; fileRef = 034051441DD4295D005F6B82 /* Assets.xcassets */; };
		034051481DD4295D005F6B82 /* LaunchScreen.storyboard in Resources */ = {isa = PBXBuildFile; fileRef = 034051461DD4295D005F6B82 /* LaunchScreen.storyboard */; };
		034051531DD4295D005F6B82 /* AssistTests.swift in Sources */ = {isa = PBXBuildFile; fileRef = 034051521DD4295D005F6B82 /* AssistTests.swift */; };
		0340515E1DD4295D005F6B82 /* AssistUITests.swift in Sources */ = {isa = PBXBuildFile; fileRef = 0340515D1DD4295D005F6B82 /* AssistUITests.swift */; };
		0340516D1DD429E8005F6B82 /* AssistClient.swift in Sources */ = {isa = PBXBuildFile; fileRef = 0340516C1DD429E8005F6B82 /* AssistClient.swift */; };
		0340516F1DD42A18005F6B82 /* VoiceToTextClient.swift in Sources */ = {isa = PBXBuildFile; fileRef = 0340516E1DD42A18005F6B82 /* VoiceToTextClient.swift */; };
		034051711DD42A27005F6B82 /* MessagingClient.swift in Sources */ = {isa = PBXBuildFile; fileRef = 034051701DD42A27005F6B82 /* MessagingClient.swift */; };
		034051751DD4356B005F6B82 /* Client.swift in Sources */ = {isa = PBXBuildFile; fileRef = 034051741DD4356B005F6B82 /* Client.swift */; };
		034051771DD43583005F6B82 /* Task.swift in Sources */ = {isa = PBXBuildFile; fileRef = 034051761DD43583005F6B82 /* Task.swift */; };
		034051791DD435B8005F6B82 /* Assistant.swift in Sources */ = {isa = PBXBuildFile; fileRef = 034051781DD435B8005F6B82 /* Assistant.swift */; };
		0340517B1DD4366A005F6B82 /* TaskTableViewCell.swift in Sources */ = {isa = PBXBuildFile; fileRef = 0340517A1DD4366A005F6B82 /* TaskTableViewCell.swift */; };
		0340517F1DD43855005F6B82 /* UIColorExtension.swift in Sources */ = {isa = PBXBuildFile; fileRef = 0340517E1DD43855005F6B82 /* UIColorExtension.swift */; };
		034051831DD4432A005F6B82 /* OnboardingFlow.storyboard in Resources */ = {isa = PBXBuildFile; fileRef = 034051821DD4432A005F6B82 /* OnboardingFlow.storyboard */; };
		034F54371DDAD9E10080F599 /* AssistantService.swift in Sources */ = {isa = PBXBuildFile; fileRef = 034F54321DDAD9E10080F599 /* AssistantService.swift */; };
		034F54381DDAD9E10080F599 /* AuthService.swift in Sources */ = {isa = PBXBuildFile; fileRef = 034F54331DDAD9E10080F599 /* AuthService.swift */; };
		034F54391DDAD9E10080F599 /* ClientService.swift in Sources */ = {isa = PBXBuildFile; fileRef = 034F54341DDAD9E10080F599 /* ClientService.swift */; };
		034F543A1DDAD9E10080F599 /* OptionService.swift in Sources */ = {isa = PBXBuildFile; fileRef = 034F54351DDAD9E10080F599 /* OptionService.swift */; };
		034F543B1DDAD9E10080F599 /* TaskService.swift in Sources */ = {isa = PBXBuildFile; fileRef = 034F54361DDAD9E10080F599 /* TaskService.swift */; };
		03FDD5691DEFD31E0025121A /* Calendar.storyboard in Resources */ = {isa = PBXBuildFile; fileRef = 03FDD5681DEFD31E0025121A /* Calendar.storyboard */; };
		5031C4F513A49AA6F1E82ADF /* Pods_Assist.framework in Frameworks */ = {isa = PBXBuildFile; fileRef = 3555853B735386E5EA08CC89 /* Pods_Assist.framework */; };
		7F4303A04074FD1AE05BAC39 /* Pods_AssistTests.framework in Frameworks */ = {isa = PBXBuildFile; fileRef = F70AACB34EB6282777ABB2E1 /* Pods_AssistTests.framework */; };
		852D20A61DEE8C0E009AFA98 /* TaskTypeButton.swift in Sources */ = {isa = PBXBuildFile; fileRef = 852D20A51DEE8C0E009AFA98 /* TaskTypeButton.swift */; };
		853C9E2E1DF2784500AC0CEB /* CreateTaskToolBarView.xib in Resources */ = {isa = PBXBuildFile; fileRef = 853C9E2D1DF2784500AC0CEB /* CreateTaskToolBarView.xib */; };
		853C9E301DF278A600AC0CEB /* CreateTaskToolBarView.swift in Sources */ = {isa = PBXBuildFile; fileRef = 853C9E2F1DF278A600AC0CEB /* CreateTaskToolBarView.swift */; };
		853C9E321DF27A7700AC0CEB /* TagsTrayView.swift in Sources */ = {isa = PBXBuildFile; fileRef = 853C9E311DF27A7700AC0CEB /* TagsTrayView.swift */; };
		853C9E341DF27AA100AC0CEB /* TagsTrayView.xib in Resources */ = {isa = PBXBuildFile; fileRef = 853C9E331DF27AA100AC0CEB /* TagsTrayView.xib */; };
		853C9E361DF2C27000AC0CEB /* AddTaskInfoTableViewController.swift in Sources */ = {isa = PBXBuildFile; fileRef = 853C9E351DF2C27000AC0CEB /* AddTaskInfoTableViewController.swift */; };
		85414BC21DF3A50F00390A1F /* MapKit.framework in Frameworks */ = {isa = PBXBuildFile; fileRef = 85414BC11DF3A50F00390A1F /* MapKit.framework */; };
		85414BC41DF3A51700390A1F /* Contacts.framework in Frameworks */ = {isa = PBXBuildFile; fileRef = 85414BC31DF3A51700390A1F /* Contacts.framework */; };
		85414BC61DF3AB5E00390A1F /* CoreLocation.framework in Frameworks */ = {isa = PBXBuildFile; fileRef = 85414BC51DF3AB5E00390A1F /* CoreLocation.framework */; };
		85414BCA1DF4DE9300390A1F /* ContactsTableViewCell.swift in Sources */ = {isa = PBXBuildFile; fileRef = 85414BC91DF4DE9300390A1F /* ContactsTableViewCell.swift */; };
		85414BCC1DF4DEA100390A1F /* LocationTableViewCell.swift in Sources */ = {isa = PBXBuildFile; fileRef = 85414BCB1DF4DEA100390A1F /* LocationTableViewCell.swift */; };
		85414BCE1DF4E20100390A1F /* DateTimeTableViewCell.swift in Sources */ = {isa = PBXBuildFile; fileRef = 85414BCD1DF4E20100390A1F /* DateTimeTableViewCell.swift */; };
		85414BD01DF5E91F00390A1F /* UIPlaceholderTextView.swift in Sources */ = {isa = PBXBuildFile; fileRef = 85414BCF1DF5E91F00390A1F /* UIPlaceholderTextView.swift */; };
		85414BD21DF6517E00390A1F /* CNContactExtention.swift in Sources */ = {isa = PBXBuildFile; fileRef = 85414BD11DF6517E00390A1F /* CNContactExtention.swift */; };
		85414BD61DF7D12800390A1F /* MessageTaskTableViewCell.swift in Sources */ = {isa = PBXBuildFile; fileRef = 85414BD51DF7D12800390A1F /* MessageTaskTableViewCell.swift */; };
		85414BD81DF7F66D00390A1F /* MessageBubbleTableViewCell.swift in Sources */ = {isa = PBXBuildFile; fileRef = 85414BD71DF7F66D00390A1F /* MessageBubbleTableViewCell.swift */; };
		85414BDA1DF8138900390A1F /* MessageTaskButton.swift in Sources */ = {isa = PBXBuildFile; fileRef = 85414BD91DF8138900390A1F /* MessageTaskButton.swift */; };
		854B30B81DEBFF680059DC61 /* ContactsService.swift in Sources */ = {isa = PBXBuildFile; fileRef = 854B30B71DEBFF680059DC61 /* ContactsService.swift */; };
		857754F71DF3884D00EBAC7C /* AddTaskLocationViewController.swift in Sources */ = {isa = PBXBuildFile; fileRef = 857754F61DF3884D00EBAC7C /* AddTaskLocationViewController.swift */; };
		857754F91DF390F500EBAC7C /* AddTaskContactsViewController.swift in Sources */ = {isa = PBXBuildFile; fileRef = 857754F81DF390F500EBAC7C /* AddTaskContactsViewController.swift */; };
		857754FB1DF39E1A00EBAC7C /* LocationService.swift in Sources */ = {isa = PBXBuildFile; fileRef = 857754FA1DF39E1A00EBAC7C /* LocationService.swift */; };
		8597AC301DF0AFA600C98D6B /* Contact.swift in Sources */ = {isa = PBXBuildFile; fileRef = 8597AC2F1DF0AFA600C98D6B /* Contact.swift */; };
		8597AC341DF2492F00C98D6B /* CreateTaskViewController.swift in Sources */ = {isa = PBXBuildFile; fileRef = 8597AC331DF2492F00C98D6B /* CreateTaskViewController.swift */; };
		859B55431DDA149C00CBD957 /* AssistantTaskType.swift in Sources */ = {isa = PBXBuildFile; fileRef = 859B553F1DDA149C00CBD957 /* AssistantTaskType.swift */; };
		859B55441DDA149C00CBD957 /* Constants.swift in Sources */ = {isa = PBXBuildFile; fileRef = 859B55401DDA149C00CBD957 /* Constants.swift */; };
		859B55451DDA149C00CBD957 /* Gender.swift in Sources */ = {isa = PBXBuildFile; fileRef = 859B55411DDA149C00CBD957 /* Gender.swift */; };
		859B55461DDA149C00CBD957 /* Profession.swift in Sources */ = {isa = PBXBuildFile; fileRef = 859B55421DDA149C00CBD957 /* Profession.swift */; };
		85B318B21DEB7FEA007E0DBF /* VoiceToTextViewController.swift in Sources */ = {isa = PBXBuildFile; fileRef = 85B318B11DEB7FEA007E0DBF /* VoiceToTextViewController.swift */; };
		85B318B41DEB805C007E0DBF /* Message.swift in Sources */ = {isa = PBXBuildFile; fileRef = 85B318B31DEB805C007E0DBF /* Message.swift */; };
		85B318B61DEBA843007E0DBF /* TaskDetailViewController.swift in Sources */ = {isa = PBXBuildFile; fileRef = 85B318B51DEBA843007E0DBF /* TaskDetailViewController.swift */; };
		85B318B81DEBA865007E0DBF /* TaskDetailTableViewCell.swift in Sources */ = {isa = PBXBuildFile; fileRef = 85B318B71DEBA865007E0DBF /* TaskDetailTableViewCell.swift */; };
		D44C1C091DF4E3850026BDC2 /* CalendarService.swift in Sources */ = {isa = PBXBuildFile; fileRef = D44C1C081DF4E3850026BDC2 /* CalendarService.swift */; };
		D44E02A41DF3828A00ABF5EB /* SlidingViewController.swift in Sources */ = {isa = PBXBuildFile; fileRef = D44E02A31DF3828A00ABF5EB /* SlidingViewController.swift */; };
		D455731F1DD92C350000B938 /* HomeViewController.swift in Sources */ = {isa = PBXBuildFile; fileRef = D455731E1DD92C350000B938 /* HomeViewController.swift */; };
		D45573211DD92C500000B938 /* MessageTableViewCell.swift in Sources */ = {isa = PBXBuildFile; fileRef = D45573201DD92C500000B938 /* MessageTableViewCell.swift */; };
		D46075911DF3B018005D2723 /* TaskDetail.storyboard in Resources */ = {isa = PBXBuildFile; fileRef = D46075901DF3B018005D2723 /* TaskDetail.storyboard */; };
		D4F79B611DF3A7E600C6AA8B /* SlidableViewController.swift in Sources */ = {isa = PBXBuildFile; fileRef = D4F79B601DF3A7E600C6AA8B /* SlidableViewController.swift */; };
		D4F79B631DF3ACC600C6AA8B /* Sliding.storyboard in Resources */ = {isa = PBXBuildFile; fileRef = D4F79B621DF3ACC600C6AA8B /* Sliding.storyboard */; };
		DB5F0634F86038D00A688462 /* Pods_AssistUITests.framework in Frameworks */ = {isa = PBXBuildFile; fileRef = D4286A68749F2B584A0EB480 /* Pods_AssistUITests.framework */; };
/* End PBXBuildFile section */

/* Begin PBXContainerItemProxy section */
		0340514F1DD4295D005F6B82 /* PBXContainerItemProxy */ = {
			isa = PBXContainerItemProxy;
			containerPortal = 034051321DD4295D005F6B82 /* Project object */;
			proxyType = 1;
			remoteGlobalIDString = 034051391DD4295D005F6B82;
			remoteInfo = Assist;
		};
		0340515A1DD4295D005F6B82 /* PBXContainerItemProxy */ = {
			isa = PBXContainerItemProxy;
			containerPortal = 034051321DD4295D005F6B82 /* Project object */;
			proxyType = 1;
			remoteGlobalIDString = 034051391DD4295D005F6B82;
			remoteInfo = Assist;
		};
/* End PBXContainerItemProxy section */

/* Begin PBXFileReference section */
		0307B6AB1DEFE8AC00D8A3FF /* CalendarCellView.xib */ = {isa = PBXFileReference; fileEncoding = 4; lastKnownFileType = file.xib; path = CalendarCellView.xib; sourceTree = "<group>"; };
		0307B6AD1DEFE93100D8A3FF /* CalendarCellView.swift */ = {isa = PBXFileReference; fileEncoding = 4; lastKnownFileType = sourcecode.swift; path = CalendarCellView.swift; sourceTree = "<group>"; };
		0307B6AF1DEFF28C00D8A3FF /* CalendarViewController.swift */ = {isa = PBXFileReference; fileEncoding = 4; lastKnownFileType = sourcecode.swift; path = CalendarViewController.swift; sourceTree = "<group>"; };
		0307B6B31DF3AAED00D8A3FF /* CalendarHeaderView.xib */ = {isa = PBXFileReference; fileEncoding = 4; lastKnownFileType = file.xib; path = CalendarHeaderView.xib; sourceTree = "<group>"; };
		0307B6B51DF3ABC300D8A3FF /* CalendarHeaderView.swift */ = {isa = PBXFileReference; fileEncoding = 4; lastKnownFileType = sourcecode.swift; path = CalendarHeaderView.swift; sourceTree = "<group>"; };
		0307B6B71DF3F7BA00D8A3FF /* CalendarTableCellTableViewCell.swift */ = {isa = PBXFileReference; fileEncoding = 4; lastKnownFileType = sourcecode.swift; path = CalendarTableCellTableViewCell.swift; sourceTree = "<group>"; };
		031300EF1DD9108C00381716 /* TaskManager.storyboard */ = {isa = PBXFileReference; fileEncoding = 4; lastKnownFileType = file.storyboard; path = TaskManager.storyboard; sourceTree = "<group>"; };
		031300F21DD9126400381716 /* TaskListTableViewController.swift */ = {isa = PBXFileReference; fileEncoding = 4; lastKnownFileType = sourcecode.swift; path = TaskListTableViewController.swift; sourceTree = "<group>"; };
		031300F41DD9127800381716 /* TaskMapViewController.swift */ = {isa = PBXFileReference; fileEncoding = 4; lastKnownFileType = sourcecode.swift; path = TaskMapViewController.swift; sourceTree = "<group>"; };
		031300F61DD912A600381716 /* TasksViewController.swift */ = {isa = PBXFileReference; fileEncoding = 4; lastKnownFileType = sourcecode.swift; path = TasksViewController.swift; sourceTree = "<group>"; };
		031300F81DD917DE00381716 /* MessageDetail.storyboard */ = {isa = PBXFileReference; fileEncoding = 4; lastKnownFileType = file.storyboard; path = MessageDetail.storyboard; sourceTree = "<group>"; };
		031300FA1DD9181200381716 /* Settings.storyboard */ = {isa = PBXFileReference; fileEncoding = 4; lastKnownFileType = file.storyboard; path = Settings.storyboard; sourceTree = "<group>"; };
		031300FC1DD9194200381716 /* SettingsViewController.swift */ = {isa = PBXFileReference; fileEncoding = 4; lastKnownFileType = sourcecode.swift; path = SettingsViewController.swift; sourceTree = "<group>"; };
		031301001DD9289400381716 /* SignInViewController.swift */ = {isa = PBXFileReference; fileEncoding = 4; lastKnownFileType = sourcecode.swift; path = SignInViewController.swift; sourceTree = "<group>"; };
		031301021DD9289F00381716 /* SignUpViewController.swift */ = {isa = PBXFileReference; fileEncoding = 4; lastKnownFileType = sourcecode.swift; path = SignUpViewController.swift; sourceTree = "<group>"; };
		031301041DD9363500381716 /* SignUpMoreDetailsViewController.swift */ = {isa = PBXFileReference; fileEncoding = 4; lastKnownFileType = sourcecode.swift; path = SignUpMoreDetailsViewController.swift; sourceTree = "<group>"; };
		031301061DD9369000381716 /* MeetAssistantViewController.swift */ = {isa = PBXFileReference; fileEncoding = 4; lastKnownFileType = sourcecode.swift; path = MeetAssistantViewController.swift; sourceTree = "<group>"; };
		0331B6361DF797DC00FD42EE /* SearchResultTableViewCell.swift */ = {isa = PBXFileReference; fileEncoding = 4; lastKnownFileType = sourcecode.swift; path = SearchResultTableViewCell.swift; sourceTree = "<group>"; };
		0340513A1DD4295D005F6B82 /* Assist.app */ = {isa = PBXFileReference; explicitFileType = wrapper.application; includeInIndex = 0; path = Assist.app; sourceTree = BUILT_PRODUCTS_DIR; };
		0340513D1DD4295D005F6B82 /* AppDelegate.swift */ = {isa = PBXFileReference; lastKnownFileType = sourcecode.swift; path = AppDelegate.swift; sourceTree = "<group>"; };
		034051421DD4295D005F6B82 /* Base */ = {isa = PBXFileReference; lastKnownFileType = file.storyboard; name = Base; path = Base.lproj/Main.storyboard; sourceTree = "<group>"; };
		034051441DD4295D005F6B82 /* Assets.xcassets */ = {isa = PBXFileReference; lastKnownFileType = folder.assetcatalog; path = Assets.xcassets; sourceTree = "<group>"; };
		034051471DD4295D005F6B82 /* Base */ = {isa = PBXFileReference; lastKnownFileType = file.storyboard; name = Base; path = Base.lproj/LaunchScreen.storyboard; sourceTree = "<group>"; };
		034051491DD4295D005F6B82 /* Info.plist */ = {isa = PBXFileReference; lastKnownFileType = text.plist.xml; path = Info.plist; sourceTree = "<group>"; };
		0340514E1DD4295D005F6B82 /* AssistTests.xctest */ = {isa = PBXFileReference; explicitFileType = wrapper.cfbundle; includeInIndex = 0; path = AssistTests.xctest; sourceTree = BUILT_PRODUCTS_DIR; };
		034051521DD4295D005F6B82 /* AssistTests.swift */ = {isa = PBXFileReference; lastKnownFileType = sourcecode.swift; path = AssistTests.swift; sourceTree = "<group>"; };
		034051541DD4295D005F6B82 /* Info.plist */ = {isa = PBXFileReference; lastKnownFileType = text.plist.xml; path = Info.plist; sourceTree = "<group>"; };
		034051591DD4295D005F6B82 /* AssistUITests.xctest */ = {isa = PBXFileReference; explicitFileType = wrapper.cfbundle; includeInIndex = 0; path = AssistUITests.xctest; sourceTree = BUILT_PRODUCTS_DIR; };
		0340515D1DD4295D005F6B82 /* AssistUITests.swift */ = {isa = PBXFileReference; lastKnownFileType = sourcecode.swift; path = AssistUITests.swift; sourceTree = "<group>"; };
		0340515F1DD4295D005F6B82 /* Info.plist */ = {isa = PBXFileReference; lastKnownFileType = text.plist.xml; path = Info.plist; sourceTree = "<group>"; };
		0340516C1DD429E8005F6B82 /* AssistClient.swift */ = {isa = PBXFileReference; fileEncoding = 4; lastKnownFileType = sourcecode.swift; path = AssistClient.swift; sourceTree = "<group>"; };
		0340516E1DD42A18005F6B82 /* VoiceToTextClient.swift */ = {isa = PBXFileReference; fileEncoding = 4; lastKnownFileType = sourcecode.swift; path = VoiceToTextClient.swift; sourceTree = "<group>"; };
		034051701DD42A27005F6B82 /* MessagingClient.swift */ = {isa = PBXFileReference; fileEncoding = 4; lastKnownFileType = sourcecode.swift; path = MessagingClient.swift; sourceTree = "<group>"; };
		034051741DD4356B005F6B82 /* Client.swift */ = {isa = PBXFileReference; fileEncoding = 4; lastKnownFileType = sourcecode.swift; path = Client.swift; sourceTree = "<group>"; };
		034051761DD43583005F6B82 /* Task.swift */ = {isa = PBXFileReference; fileEncoding = 4; lastKnownFileType = sourcecode.swift; path = Task.swift; sourceTree = "<group>"; };
		034051781DD435B8005F6B82 /* Assistant.swift */ = {isa = PBXFileReference; fileEncoding = 4; lastKnownFileType = sourcecode.swift; path = Assistant.swift; sourceTree = "<group>"; };
		0340517A1DD4366A005F6B82 /* TaskTableViewCell.swift */ = {isa = PBXFileReference; fileEncoding = 4; lastKnownFileType = sourcecode.swift; path = TaskTableViewCell.swift; sourceTree = "<group>"; };
		0340517E1DD43855005F6B82 /* UIColorExtension.swift */ = {isa = PBXFileReference; fileEncoding = 4; lastKnownFileType = sourcecode.swift; path = UIColorExtension.swift; sourceTree = "<group>"; };
		034051821DD4432A005F6B82 /* OnboardingFlow.storyboard */ = {isa = PBXFileReference; fileEncoding = 4; lastKnownFileType = file.storyboard; path = OnboardingFlow.storyboard; sourceTree = "<group>"; };
		034F54321DDAD9E10080F599 /* AssistantService.swift */ = {isa = PBXFileReference; fileEncoding = 4; lastKnownFileType = sourcecode.swift; name = AssistantService.swift; path = API/AssistCo/AssistantService.swift; sourceTree = "<group>"; };
		034F54331DDAD9E10080F599 /* AuthService.swift */ = {isa = PBXFileReference; fileEncoding = 4; lastKnownFileType = sourcecode.swift; name = AuthService.swift; path = API/AssistCo/AuthService.swift; sourceTree = "<group>"; };
		034F54341DDAD9E10080F599 /* ClientService.swift */ = {isa = PBXFileReference; fileEncoding = 4; lastKnownFileType = sourcecode.swift; name = ClientService.swift; path = API/AssistCo/ClientService.swift; sourceTree = "<group>"; };
		034F54351DDAD9E10080F599 /* OptionService.swift */ = {isa = PBXFileReference; fileEncoding = 4; lastKnownFileType = sourcecode.swift; name = OptionService.swift; path = API/AssistCo/OptionService.swift; sourceTree = "<group>"; };
		034F54361DDAD9E10080F599 /* TaskService.swift */ = {isa = PBXFileReference; fileEncoding = 4; lastKnownFileType = sourcecode.swift; name = TaskService.swift; path = API/AssistCo/TaskService.swift; sourceTree = "<group>"; };
		03FDD5681DEFD31E0025121A /* Calendar.storyboard */ = {isa = PBXFileReference; fileEncoding = 4; lastKnownFileType = file.storyboard; path = Calendar.storyboard; sourceTree = "<group>"; };
		3555853B735386E5EA08CC89 /* Pods_Assist.framework */ = {isa = PBXFileReference; explicitFileType = wrapper.framework; includeInIndex = 0; path = Pods_Assist.framework; sourceTree = BUILT_PRODUCTS_DIR; };
		3B894A11EA184502DFE38C7A /* Pods-AssistTests.release.xcconfig */ = {isa = PBXFileReference; includeInIndex = 1; lastKnownFileType = text.xcconfig; name = "Pods-AssistTests.release.xcconfig"; path = "Pods/Target Support Files/Pods-AssistTests/Pods-AssistTests.release.xcconfig"; sourceTree = "<group>"; };
		43FC3B4ADE01A71965816EC3 /* Pods-AssistUITests.release.xcconfig */ = {isa = PBXFileReference; includeInIndex = 1; lastKnownFileType = text.xcconfig; name = "Pods-AssistUITests.release.xcconfig"; path = "Pods/Target Support Files/Pods-AssistUITests/Pods-AssistUITests.release.xcconfig"; sourceTree = "<group>"; };
		7D5311A8DEE0F7D2BF0B152C /* Pods-AssistTests.debug.xcconfig */ = {isa = PBXFileReference; includeInIndex = 1; lastKnownFileType = text.xcconfig; name = "Pods-AssistTests.debug.xcconfig"; path = "Pods/Target Support Files/Pods-AssistTests/Pods-AssistTests.debug.xcconfig"; sourceTree = "<group>"; };
		818BF3C821630FA4A0AC7980 /* Pods-AssistUITests.debug.xcconfig */ = {isa = PBXFileReference; includeInIndex = 1; lastKnownFileType = text.xcconfig; name = "Pods-AssistUITests.debug.xcconfig"; path = "Pods/Target Support Files/Pods-AssistUITests/Pods-AssistUITests.debug.xcconfig"; sourceTree = "<group>"; };
		852D20A51DEE8C0E009AFA98 /* TaskTypeButton.swift */ = {isa = PBXFileReference; fileEncoding = 4; lastKnownFileType = sourcecode.swift; path = TaskTypeButton.swift; sourceTree = "<group>"; };
		853C9E2D1DF2784500AC0CEB /* CreateTaskToolBarView.xib */ = {isa = PBXFileReference; fileEncoding = 4; lastKnownFileType = file.xib; path = CreateTaskToolBarView.xib; sourceTree = "<group>"; };
		853C9E2F1DF278A600AC0CEB /* CreateTaskToolBarView.swift */ = {isa = PBXFileReference; fileEncoding = 4; lastKnownFileType = sourcecode.swift; path = CreateTaskToolBarView.swift; sourceTree = "<group>"; };
		853C9E311DF27A7700AC0CEB /* TagsTrayView.swift */ = {isa = PBXFileReference; fileEncoding = 4; lastKnownFileType = sourcecode.swift; path = TagsTrayView.swift; sourceTree = "<group>"; };
		853C9E331DF27AA100AC0CEB /* TagsTrayView.xib */ = {isa = PBXFileReference; fileEncoding = 4; lastKnownFileType = file.xib; path = TagsTrayView.xib; sourceTree = "<group>"; };
		853C9E351DF2C27000AC0CEB /* AddTaskInfoTableViewController.swift */ = {isa = PBXFileReference; fileEncoding = 4; lastKnownFileType = sourcecode.swift; path = AddTaskInfoTableViewController.swift; sourceTree = "<group>"; };
		85414BC11DF3A50F00390A1F /* MapKit.framework */ = {isa = PBXFileReference; lastKnownFileType = wrapper.framework; name = MapKit.framework; path = System/Library/Frameworks/MapKit.framework; sourceTree = SDKROOT; };
		85414BC31DF3A51700390A1F /* Contacts.framework */ = {isa = PBXFileReference; lastKnownFileType = wrapper.framework; name = Contacts.framework; path = System/Library/Frameworks/Contacts.framework; sourceTree = SDKROOT; };
		85414BC51DF3AB5E00390A1F /* CoreLocation.framework */ = {isa = PBXFileReference; lastKnownFileType = wrapper.framework; name = CoreLocation.framework; path = System/Library/Frameworks/CoreLocation.framework; sourceTree = SDKROOT; };
		85414BC91DF4DE9300390A1F /* ContactsTableViewCell.swift */ = {isa = PBXFileReference; fileEncoding = 4; lastKnownFileType = sourcecode.swift; path = ContactsTableViewCell.swift; sourceTree = "<group>"; };
		85414BCB1DF4DEA100390A1F /* LocationTableViewCell.swift */ = {isa = PBXFileReference; fileEncoding = 4; lastKnownFileType = sourcecode.swift; path = LocationTableViewCell.swift; sourceTree = "<group>"; };
		85414BCD1DF4E20100390A1F /* DateTimeTableViewCell.swift */ = {isa = PBXFileReference; fileEncoding = 4; lastKnownFileType = sourcecode.swift; path = DateTimeTableViewCell.swift; sourceTree = "<group>"; };
		85414BCF1DF5E91F00390A1F /* UIPlaceholderTextView.swift */ = {isa = PBXFileReference; fileEncoding = 4; lastKnownFileType = sourcecode.swift; path = UIPlaceholderTextView.swift; sourceTree = "<group>"; };
		85414BD11DF6517E00390A1F /* CNContactExtention.swift */ = {isa = PBXFileReference; fileEncoding = 4; lastKnownFileType = sourcecode.swift; path = CNContactExtention.swift; sourceTree = "<group>"; };
		85414BD51DF7D12800390A1F /* MessageTaskTableViewCell.swift */ = {isa = PBXFileReference; fileEncoding = 4; lastKnownFileType = sourcecode.swift; path = MessageTaskTableViewCell.swift; sourceTree = "<group>"; };
		85414BD71DF7F66D00390A1F /* MessageBubbleTableViewCell.swift */ = {isa = PBXFileReference; fileEncoding = 4; lastKnownFileType = sourcecode.swift; path = MessageBubbleTableViewCell.swift; sourceTree = "<group>"; };
		85414BD91DF8138900390A1F /* MessageTaskButton.swift */ = {isa = PBXFileReference; fileEncoding = 4; lastKnownFileType = sourcecode.swift; path = MessageTaskButton.swift; sourceTree = "<group>"; };
		854B30B71DEBFF680059DC61 /* ContactsService.swift */ = {isa = PBXFileReference; fileEncoding = 4; lastKnownFileType = sourcecode.swift; name = ContactsService.swift; path = API/AssistCo/ContactsService.swift; sourceTree = "<group>"; };
		8552ED586C4FA516FB793020 /* Pods-Assist.debug.xcconfig */ = {isa = PBXFileReference; includeInIndex = 1; lastKnownFileType = text.xcconfig; name = "Pods-Assist.debug.xcconfig"; path = "Pods/Target Support Files/Pods-Assist/Pods-Assist.debug.xcconfig"; sourceTree = "<group>"; };
		857754F61DF3884D00EBAC7C /* AddTaskLocationViewController.swift */ = {isa = PBXFileReference; fileEncoding = 4; lastKnownFileType = sourcecode.swift; path = AddTaskLocationViewController.swift; sourceTree = "<group>"; };
		857754F81DF390F500EBAC7C /* AddTaskContactsViewController.swift */ = {isa = PBXFileReference; fileEncoding = 4; lastKnownFileType = sourcecode.swift; path = AddTaskContactsViewController.swift; sourceTree = "<group>"; };
		857754FA1DF39E1A00EBAC7C /* LocationService.swift */ = {isa = PBXFileReference; fileEncoding = 4; lastKnownFileType = sourcecode.swift; path = LocationService.swift; sourceTree = "<group>"; };
		8597AC2F1DF0AFA600C98D6B /* Contact.swift */ = {isa = PBXFileReference; fileEncoding = 4; lastKnownFileType = sourcecode.swift; path = Contact.swift; sourceTree = "<group>"; };
		8597AC331DF2492F00C98D6B /* CreateTaskViewController.swift */ = {isa = PBXFileReference; fileEncoding = 4; lastKnownFileType = sourcecode.swift; path = CreateTaskViewController.swift; sourceTree = "<group>"; };
		859B553F1DDA149C00CBD957 /* AssistantTaskType.swift */ = {isa = PBXFileReference; fileEncoding = 4; lastKnownFileType = sourcecode.swift; path = AssistantTaskType.swift; sourceTree = "<group>"; };
		859B55401DDA149C00CBD957 /* Constants.swift */ = {isa = PBXFileReference; fileEncoding = 4; lastKnownFileType = sourcecode.swift; path = Constants.swift; sourceTree = "<group>"; };
		859B55411DDA149C00CBD957 /* Gender.swift */ = {isa = PBXFileReference; fileEncoding = 4; lastKnownFileType = sourcecode.swift; path = Gender.swift; sourceTree = "<group>"; };
		859B55421DDA149C00CBD957 /* Profession.swift */ = {isa = PBXFileReference; fileEncoding = 4; lastKnownFileType = sourcecode.swift; path = Profession.swift; sourceTree = "<group>"; };
		85B318B11DEB7FEA007E0DBF /* VoiceToTextViewController.swift */ = {isa = PBXFileReference; fileEncoding = 4; lastKnownFileType = sourcecode.swift; path = VoiceToTextViewController.swift; sourceTree = "<group>"; };
		85B318B31DEB805C007E0DBF /* Message.swift */ = {isa = PBXFileReference; fileEncoding = 4; lastKnownFileType = sourcecode.swift; path = Message.swift; sourceTree = "<group>"; };
		85B318B51DEBA843007E0DBF /* TaskDetailViewController.swift */ = {isa = PBXFileReference; fileEncoding = 4; lastKnownFileType = sourcecode.swift; path = TaskDetailViewController.swift; sourceTree = "<group>"; };
		85B318B71DEBA865007E0DBF /* TaskDetailTableViewCell.swift */ = {isa = PBXFileReference; fileEncoding = 4; lastKnownFileType = sourcecode.swift; path = TaskDetailTableViewCell.swift; sourceTree = "<group>"; };
		958203F3BBE5800D1F090F2C /* Pods-Assist.release.xcconfig */ = {isa = PBXFileReference; includeInIndex = 1; lastKnownFileType = text.xcconfig; name = "Pods-Assist.release.xcconfig"; path = "Pods/Target Support Files/Pods-Assist/Pods-Assist.release.xcconfig"; sourceTree = "<group>"; };
		D4286A68749F2B584A0EB480 /* Pods_AssistUITests.framework */ = {isa = PBXFileReference; explicitFileType = wrapper.framework; includeInIndex = 0; path = Pods_AssistUITests.framework; sourceTree = BUILT_PRODUCTS_DIR; };
		D44C1C081DF4E3850026BDC2 /* CalendarService.swift */ = {isa = PBXFileReference; fileEncoding = 4; lastKnownFileType = sourcecode.swift; path = CalendarService.swift; sourceTree = "<group>"; };
		D44E02A31DF3828A00ABF5EB /* SlidingViewController.swift */ = {isa = PBXFileReference; fileEncoding = 4; lastKnownFileType = sourcecode.swift; path = SlidingViewController.swift; sourceTree = "<group>"; };
		D455731E1DD92C350000B938 /* HomeViewController.swift */ = {isa = PBXFileReference; fileEncoding = 4; lastKnownFileType = sourcecode.swift; path = HomeViewController.swift; sourceTree = "<group>"; };
		D45573201DD92C500000B938 /* MessageTableViewCell.swift */ = {isa = PBXFileReference; fileEncoding = 4; lastKnownFileType = sourcecode.swift; path = MessageTableViewCell.swift; sourceTree = "<group>"; };
		D46075901DF3B018005D2723 /* TaskDetail.storyboard */ = {isa = PBXFileReference; fileEncoding = 4; lastKnownFileType = file.storyboard; path = TaskDetail.storyboard; sourceTree = "<group>"; };
		D4F79B601DF3A7E600C6AA8B /* SlidableViewController.swift */ = {isa = PBXFileReference; fileEncoding = 4; lastKnownFileType = sourcecode.swift; path = SlidableViewController.swift; sourceTree = "<group>"; };
		D4F79B621DF3ACC600C6AA8B /* Sliding.storyboard */ = {isa = PBXFileReference; fileEncoding = 4; lastKnownFileType = file.storyboard; path = Sliding.storyboard; sourceTree = "<group>"; };
		F70AACB34EB6282777ABB2E1 /* Pods_AssistTests.framework */ = {isa = PBXFileReference; explicitFileType = wrapper.framework; includeInIndex = 0; path = Pods_AssistTests.framework; sourceTree = BUILT_PRODUCTS_DIR; };
/* End PBXFileReference section */

/* Begin PBXFrameworksBuildPhase section */
		034051371DD4295D005F6B82 /* Frameworks */ = {
			isa = PBXFrameworksBuildPhase;
			buildActionMask = 2147483647;
			files = (
				85414BC61DF3AB5E00390A1F /* CoreLocation.framework in Frameworks */,
				85414BC41DF3A51700390A1F /* Contacts.framework in Frameworks */,
				85414BC21DF3A50F00390A1F /* MapKit.framework in Frameworks */,
				5031C4F513A49AA6F1E82ADF /* Pods_Assist.framework in Frameworks */,
			);
			runOnlyForDeploymentPostprocessing = 0;
		};
		0340514B1DD4295D005F6B82 /* Frameworks */ = {
			isa = PBXFrameworksBuildPhase;
			buildActionMask = 2147483647;
			files = (
				7F4303A04074FD1AE05BAC39 /* Pods_AssistTests.framework in Frameworks */,
			);
			runOnlyForDeploymentPostprocessing = 0;
		};
		034051561DD4295D005F6B82 /* Frameworks */ = {
			isa = PBXFrameworksBuildPhase;
			buildActionMask = 2147483647;
			files = (
				DB5F0634F86038D00A688462 /* Pods_AssistUITests.framework in Frameworks */,
			);
			runOnlyForDeploymentPostprocessing = 0;
		};
/* End PBXFrameworksBuildPhase section */

/* Begin PBXGroup section */
		031300F11DD9111F00381716 /* Storyboards */ = {
			isa = PBXGroup;
			children = (
				D46075901DF3B018005D2723 /* TaskDetail.storyboard */,
				031300EF1DD9108C00381716 /* TaskManager.storyboard */,
				034051411DD4295D005F6B82 /* Main.storyboard */,
				034051821DD4432A005F6B82 /* OnboardingFlow.storyboard */,
				034051461DD4295D005F6B82 /* LaunchScreen.storyboard */,
				031300F81DD917DE00381716 /* MessageDetail.storyboard */,
				031300FA1DD9181200381716 /* Settings.storyboard */,
				03FDD5681DEFD31E0025121A /* Calendar.storyboard */,
				D4F79B621DF3ACC600C6AA8B /* Sliding.storyboard */,
			);
			name = Storyboards;
			sourceTree = "<group>";
		};
		034051311DD4295D005F6B82 = {
			isa = PBXGroup;
			children = (
				0340513C1DD4295D005F6B82 /* Assist */,
				034051511DD4295D005F6B82 /* AssistTests */,
				0340515C1DD4295D005F6B82 /* AssistUITests */,
				0340513B1DD4295D005F6B82 /* Products */,
				11AD3E92397916C1CB00F195 /* Pods */,
				71371A0B9BEED2AFEB1EEECD /* Frameworks */,
			);
			sourceTree = "<group>";
		};
		0340513B1DD4295D005F6B82 /* Products */ = {
			isa = PBXGroup;
			children = (
				0340513A1DD4295D005F6B82 /* Assist.app */,
				0340514E1DD4295D005F6B82 /* AssistTests.xctest */,
				034051591DD4295D005F6B82 /* AssistUITests.xctest */,
			);
			name = Products;
			sourceTree = "<group>";
		};
		0340513C1DD4295D005F6B82 /* Assist */ = {
			isa = PBXGroup;
			children = (
				0340517D1DD43842005F6B82 /* Extensions */,
				0340517C1DD43670005F6B82 /* Views */,
				034051731DD42E81005F6B82 /* Models */,
				034051721DD42E68005F6B82 /* View Controllers */,
				0340516B1DD4298D005F6B82 /* API */,
				0340513D1DD4295D005F6B82 /* AppDelegate.swift */,
				031300F11DD9111F00381716 /* Storyboards */,
				034051441DD4295D005F6B82 /* Assets.xcassets */,
				034051491DD4295D005F6B82 /* Info.plist */,
			);
			path = Assist;
			sourceTree = "<group>";
		};
		034051511DD4295D005F6B82 /* AssistTests */ = {
			isa = PBXGroup;
			children = (
				034051521DD4295D005F6B82 /* AssistTests.swift */,
				034051541DD4295D005F6B82 /* Info.plist */,
			);
			path = AssistTests;
			sourceTree = "<group>";
		};
		0340515C1DD4295D005F6B82 /* AssistUITests */ = {
			isa = PBXGroup;
			children = (
				0340515D1DD4295D005F6B82 /* AssistUITests.swift */,
				0340515F1DD4295D005F6B82 /* Info.plist */,
			);
			path = AssistUITests;
			sourceTree = "<group>";
		};
		0340516B1DD4298D005F6B82 /* API */ = {
			isa = PBXGroup;
			children = (
				D44C1C081DF4E3850026BDC2 /* CalendarService.swift */,
				034F54321DDAD9E10080F599 /* AssistantService.swift */,
				034F54331DDAD9E10080F599 /* AuthService.swift */,
				034F54341DDAD9E10080F599 /* ClientService.swift */,
				034F54351DDAD9E10080F599 /* OptionService.swift */,
				034F54361DDAD9E10080F599 /* TaskService.swift */,
				0340516C1DD429E8005F6B82 /* AssistClient.swift */,
				0340516E1DD42A18005F6B82 /* VoiceToTextClient.swift */,
				034051701DD42A27005F6B82 /* MessagingClient.swift */,
				854B30B71DEBFF680059DC61 /* ContactsService.swift */,
				857754FA1DF39E1A00EBAC7C /* LocationService.swift */,
			);
			name = API;
			sourceTree = "<group>";
		};
		034051721DD42E68005F6B82 /* View Controllers */ = {
			isa = PBXGroup;
			children = (
				85B318B11DEB7FEA007E0DBF /* VoiceToTextViewController.swift */,
				D455731E1DD92C350000B938 /* HomeViewController.swift */,
				85ED5EAA1DDC199D0073B625 /* Task */,
				031300FC1DD9194200381716 /* SettingsViewController.swift */,
				031301001DD9289400381716 /* SignInViewController.swift */,
				031301021DD9289F00381716 /* SignUpViewController.swift */,
				031301041DD9363500381716 /* SignUpMoreDetailsViewController.swift */,
				031301061DD9369000381716 /* MeetAssistantViewController.swift */,
				0307B6AF1DEFF28C00D8A3FF /* CalendarViewController.swift */,
				D44E02A31DF3828A00ABF5EB /* SlidingViewController.swift */,
				D4F79B601DF3A7E600C6AA8B /* SlidableViewController.swift */,
				857754F51DF387BC00EBAC7C /* Create Task */,
			);
			name = "View Controllers";
			sourceTree = "<group>";
		};
		034051731DD42E81005F6B82 /* Models */ = {
			isa = PBXGroup;
			children = (
				85B318B31DEB805C007E0DBF /* Message.swift */,
				859B553F1DDA149C00CBD957 /* AssistantTaskType.swift */,
				859B55401DDA149C00CBD957 /* Constants.swift */,
				859B55411DDA149C00CBD957 /* Gender.swift */,
				859B55421DDA149C00CBD957 /* Profession.swift */,
				034051741DD4356B005F6B82 /* Client.swift */,
				034051761DD43583005F6B82 /* Task.swift */,
				034051781DD435B8005F6B82 /* Assistant.swift */,
				8597AC2F1DF0AFA600C98D6B /* Contact.swift */,
				85414BD11DF6517E00390A1F /* CNContactExtention.swift */,
			);
			name = Models;
			sourceTree = "<group>";
		};
		0340517C1DD43670005F6B82 /* Views */ = {
			isa = PBXGroup;
			children = (
				853C9E2F1DF278A600AC0CEB /* CreateTaskToolBarView.swift */,
				D45573201DD92C500000B938 /* MessageTableViewCell.swift */,
				0340517A1DD4366A005F6B82 /* TaskTableViewCell.swift */,
				85B318B71DEBA865007E0DBF /* TaskDetailTableViewCell.swift */,
				852D20A51DEE8C0E009AFA98 /* TaskTypeButton.swift */,
				0307B6AB1DEFE8AC00D8A3FF /* CalendarCellView.xib */,
				0307B6AD1DEFE93100D8A3FF /* CalendarCellView.swift */,
				0307B6B31DF3AAED00D8A3FF /* CalendarHeaderView.xib */,
				0307B6B51DF3ABC300D8A3FF /* CalendarHeaderView.swift */,
				0307B6B71DF3F7BA00D8A3FF /* CalendarTableCellTableViewCell.swift */,
				853C9E2D1DF2784500AC0CEB /* CreateTaskToolBarView.xib */,
				853C9E311DF27A7700AC0CEB /* TagsTrayView.swift */,
				853C9E331DF27AA100AC0CEB /* TagsTrayView.xib */,
				85414BC91DF4DE9300390A1F /* ContactsTableViewCell.swift */,
				85414BCB1DF4DEA100390A1F /* LocationTableViewCell.swift */,
				85414BCD1DF4E20100390A1F /* DateTimeTableViewCell.swift */,
				85414BCF1DF5E91F00390A1F /* UIPlaceholderTextView.swift */,
				0331B6361DF797DC00FD42EE /* SearchResultTableViewCell.swift */,
				85414BD51DF7D12800390A1F /* MessageTaskTableViewCell.swift */,
				85414BD71DF7F66D00390A1F /* MessageBubbleTableViewCell.swift */,
				85414BD91DF8138900390A1F /* MessageTaskButton.swift */,
			);
			name = Views;
			sourceTree = "<group>";
		};
		0340517D1DD43842005F6B82 /* Extensions */ = {
			isa = PBXGroup;
			children = (
				0340517E1DD43855005F6B82 /* UIColorExtension.swift */,
			);
			name = Extensions;
			sourceTree = "<group>";
		};
		11AD3E92397916C1CB00F195 /* Pods */ = {
			isa = PBXGroup;
			children = (
				8552ED586C4FA516FB793020 /* Pods-Assist.debug.xcconfig */,
				958203F3BBE5800D1F090F2C /* Pods-Assist.release.xcconfig */,
				7D5311A8DEE0F7D2BF0B152C /* Pods-AssistTests.debug.xcconfig */,
				3B894A11EA184502DFE38C7A /* Pods-AssistTests.release.xcconfig */,
				818BF3C821630FA4A0AC7980 /* Pods-AssistUITests.debug.xcconfig */,
				43FC3B4ADE01A71965816EC3 /* Pods-AssistUITests.release.xcconfig */,
			);
			name = Pods;
			sourceTree = "<group>";
		};
		71371A0B9BEED2AFEB1EEECD /* Frameworks */ = {
			isa = PBXGroup;
			children = (
				85414BC51DF3AB5E00390A1F /* CoreLocation.framework */,
				85414BC31DF3A51700390A1F /* Contacts.framework */,
				85414BC11DF3A50F00390A1F /* MapKit.framework */,
				3555853B735386E5EA08CC89 /* Pods_Assist.framework */,
				F70AACB34EB6282777ABB2E1 /* Pods_AssistTests.framework */,
				D4286A68749F2B584A0EB480 /* Pods_AssistUITests.framework */,
			);
			name = Frameworks;
			sourceTree = "<group>";
		};
		857754F51DF387BC00EBAC7C /* Create Task */ = {
			isa = PBXGroup;
			children = (
				8597AC331DF2492F00C98D6B /* CreateTaskViewController.swift */,
				853C9E351DF2C27000AC0CEB /* AddTaskInfoTableViewController.swift */,
				857754F61DF3884D00EBAC7C /* AddTaskLocationViewController.swift */,
				857754F81DF390F500EBAC7C /* AddTaskContactsViewController.swift */,
			);
			name = "Create Task";
			sourceTree = "<group>";
		};
		85ED5EAA1DDC199D0073B625 /* Task */ = {
			isa = PBXGroup;
			children = (
				031300F21DD9126400381716 /* TaskListTableViewController.swift */,
				031300F41DD9127800381716 /* TaskMapViewController.swift */,
				031300F61DD912A600381716 /* TasksViewController.swift */,
				85B318B51DEBA843007E0DBF /* TaskDetailViewController.swift */,
			);
			name = Task;
			sourceTree = "<group>";
		};
/* End PBXGroup section */

/* Begin PBXNativeTarget section */
		034051391DD4295D005F6B82 /* Assist */ = {
			isa = PBXNativeTarget;
			buildConfigurationList = 034051621DD4295D005F6B82 /* Build configuration list for PBXNativeTarget "Assist" */;
			buildPhases = (
				9D4E4654CD2417DB1B702A05 /* [CP] Check Pods Manifest.lock */,
				034051361DD4295D005F6B82 /* Sources */,
				034051371DD4295D005F6B82 /* Frameworks */,
				034051381DD4295D005F6B82 /* Resources */,
				D7C17B4F6B43A5C334B0E33A /* [CP] Embed Pods Frameworks */,
				D2248433EA9BFC5DBD5E1960 /* [CP] Copy Pods Resources */,
			);
			buildRules = (
			);
			dependencies = (
			);
			name = Assist;
			productName = Assist;
			productReference = 0340513A1DD4295D005F6B82 /* Assist.app */;
			productType = "com.apple.product-type.application";
		};
		0340514D1DD4295D005F6B82 /* AssistTests */ = {
			isa = PBXNativeTarget;
			buildConfigurationList = 034051651DD4295D005F6B82 /* Build configuration list for PBXNativeTarget "AssistTests" */;
			buildPhases = (
				D6DCB4658C469E1691693C0B /* [CP] Check Pods Manifest.lock */,
				0340514A1DD4295D005F6B82 /* Sources */,
				0340514B1DD4295D005F6B82 /* Frameworks */,
				0340514C1DD4295D005F6B82 /* Resources */,
				AFD80DDFAA8912FE675336CF /* [CP] Embed Pods Frameworks */,
				3D7CBE70745D3AE7A348EA49 /* [CP] Copy Pods Resources */,
			);
			buildRules = (
			);
			dependencies = (
				034051501DD4295D005F6B82 /* PBXTargetDependency */,
			);
			name = AssistTests;
			productName = AssistTests;
			productReference = 0340514E1DD4295D005F6B82 /* AssistTests.xctest */;
			productType = "com.apple.product-type.bundle.unit-test";
		};
		034051581DD4295D005F6B82 /* AssistUITests */ = {
			isa = PBXNativeTarget;
			buildConfigurationList = 034051681DD4295D005F6B82 /* Build configuration list for PBXNativeTarget "AssistUITests" */;
			buildPhases = (
				A98FAE58671F76FE4F523C13 /* [CP] Check Pods Manifest.lock */,
				034051551DD4295D005F6B82 /* Sources */,
				034051561DD4295D005F6B82 /* Frameworks */,
				034051571DD4295D005F6B82 /* Resources */,
				679B5D64A8C474EE7637F6EE /* [CP] Copy Pods Resources */,
				98952368B1056D02109EA3A2 /* [CP] Embed Pods Frameworks */,
			);
			buildRules = (
			);
			dependencies = (
				0340515B1DD4295D005F6B82 /* PBXTargetDependency */,
			);
			name = AssistUITests;
			productName = AssistUITests;
			productReference = 034051591DD4295D005F6B82 /* AssistUITests.xctest */;
			productType = "com.apple.product-type.bundle.ui-testing";
		};
/* End PBXNativeTarget section */

/* Begin PBXProject section */
		034051321DD4295D005F6B82 /* Project object */ = {
			isa = PBXProject;
			attributes = {
				LastSwiftUpdateCheck = 0800;
				LastUpgradeCheck = 0800;
				ORGANIZATIONNAME = Assist;
				TargetAttributes = {
					034051391DD4295D005F6B82 = {
						CreatedOnToolsVersion = 8.0;
						DevelopmentTeam = DTRAWCP5X2;
						ProvisioningStyle = Automatic;
					};
					0340514D1DD4295D005F6B82 = {
						CreatedOnToolsVersion = 8.0;
						ProvisioningStyle = Automatic;
						TestTargetID = 034051391DD4295D005F6B82;
					};
					034051581DD4295D005F6B82 = {
						CreatedOnToolsVersion = 8.0;
						ProvisioningStyle = Automatic;
						TestTargetID = 034051391DD4295D005F6B82;
					};
				};
			};
			buildConfigurationList = 034051351DD4295D005F6B82 /* Build configuration list for PBXProject "Assist" */;
			compatibilityVersion = "Xcode 3.2";
			developmentRegion = English;
			hasScannedForEncodings = 0;
			knownRegions = (
				en,
				Base,
			);
			mainGroup = 034051311DD4295D005F6B82;
			productRefGroup = 0340513B1DD4295D005F6B82 /* Products */;
			projectDirPath = "";
			projectRoot = "";
			targets = (
				034051391DD4295D005F6B82 /* Assist */,
				0340514D1DD4295D005F6B82 /* AssistTests */,
				034051581DD4295D005F6B82 /* AssistUITests */,
			);
		};
/* End PBXProject section */

/* Begin PBXResourcesBuildPhase section */
		034051381DD4295D005F6B82 /* Resources */ = {
			isa = PBXResourcesBuildPhase;
			buildActionMask = 2147483647;
			files = (
				034051481DD4295D005F6B82 /* LaunchScreen.storyboard in Resources */,
				031300F01DD9108C00381716 /* TaskManager.storyboard in Resources */,
				034051451DD4295D005F6B82 /* Assets.xcassets in Resources */,
				D46075911DF3B018005D2723 /* TaskDetail.storyboard in Resources */,
				031300F91DD917DE00381716 /* MessageDetail.storyboard in Resources */,
				853C9E341DF27AA100AC0CEB /* TagsTrayView.xib in Resources */,
				03FDD5691DEFD31E0025121A /* Calendar.storyboard in Resources */,
				D4F79B631DF3ACC600C6AA8B /* Sliding.storyboard in Resources */,
				034051431DD4295D005F6B82 /* Main.storyboard in Resources */,
				0307B6AC1DEFE8AC00D8A3FF /* CalendarCellView.xib in Resources */,
				034051831DD4432A005F6B82 /* OnboardingFlow.storyboard in Resources */,
				0307B6B41DF3AAED00D8A3FF /* CalendarHeaderView.xib in Resources */,
				031300FB1DD9181200381716 /* Settings.storyboard in Resources */,
				853C9E2E1DF2784500AC0CEB /* CreateTaskToolBarView.xib in Resources */,
			);
			runOnlyForDeploymentPostprocessing = 0;
		};
		0340514C1DD4295D005F6B82 /* Resources */ = {
			isa = PBXResourcesBuildPhase;
			buildActionMask = 2147483647;
			files = (
			);
			runOnlyForDeploymentPostprocessing = 0;
		};
		034051571DD4295D005F6B82 /* Resources */ = {
			isa = PBXResourcesBuildPhase;
			buildActionMask = 2147483647;
			files = (
			);
			runOnlyForDeploymentPostprocessing = 0;
		};
/* End PBXResourcesBuildPhase section */

/* Begin PBXShellScriptBuildPhase section */
		3D7CBE70745D3AE7A348EA49 /* [CP] Copy Pods Resources */ = {
			isa = PBXShellScriptBuildPhase;
			buildActionMask = 2147483647;
			files = (
			);
			inputPaths = (
			);
			name = "[CP] Copy Pods Resources";
			outputPaths = (
			);
			runOnlyForDeploymentPostprocessing = 0;
			shellPath = /bin/sh;
			shellScript = "\"${SRCROOT}/Pods/Target Support Files/Pods-AssistTests/Pods-AssistTests-resources.sh\"\n";
			showEnvVarsInLog = 0;
		};
		679B5D64A8C474EE7637F6EE /* [CP] Copy Pods Resources */ = {
			isa = PBXShellScriptBuildPhase;
			buildActionMask = 2147483647;
			files = (
			);
			inputPaths = (
			);
			name = "[CP] Copy Pods Resources";
			outputPaths = (
			);
			runOnlyForDeploymentPostprocessing = 0;
			shellPath = /bin/sh;
			shellScript = "\"${SRCROOT}/Pods/Target Support Files/Pods-AssistUITests/Pods-AssistUITests-resources.sh\"\n";
			showEnvVarsInLog = 0;
		};
		98952368B1056D02109EA3A2 /* [CP] Embed Pods Frameworks */ = {
			isa = PBXShellScriptBuildPhase;
			buildActionMask = 2147483647;
			files = (
			);
			inputPaths = (
			);
			name = "[CP] Embed Pods Frameworks";
			outputPaths = (
			);
			runOnlyForDeploymentPostprocessing = 0;
			shellPath = /bin/sh;
			shellScript = "\"${SRCROOT}/Pods/Target Support Files/Pods-AssistUITests/Pods-AssistUITests-frameworks.sh\"\n";
			showEnvVarsInLog = 0;
		};
		9D4E4654CD2417DB1B702A05 /* [CP] Check Pods Manifest.lock */ = {
			isa = PBXShellScriptBuildPhase;
			buildActionMask = 2147483647;
			files = (
			);
			inputPaths = (
			);
			name = "[CP] Check Pods Manifest.lock";
			outputPaths = (
			);
			runOnlyForDeploymentPostprocessing = 0;
			shellPath = /bin/sh;
			shellScript = "diff \"${PODS_ROOT}/../Podfile.lock\" \"${PODS_ROOT}/Manifest.lock\" > /dev/null\nif [[ $? != 0 ]] ; then\n    cat << EOM\nerror: The sandbox is not in sync with the Podfile.lock. Run 'pod install' or update your CocoaPods installation.\nEOM\n    exit 1\nfi\n";
			showEnvVarsInLog = 0;
		};
		A98FAE58671F76FE4F523C13 /* [CP] Check Pods Manifest.lock */ = {
			isa = PBXShellScriptBuildPhase;
			buildActionMask = 2147483647;
			files = (
			);
			inputPaths = (
			);
			name = "[CP] Check Pods Manifest.lock";
			outputPaths = (
			);
			runOnlyForDeploymentPostprocessing = 0;
			shellPath = /bin/sh;
			shellScript = "diff \"${PODS_ROOT}/../Podfile.lock\" \"${PODS_ROOT}/Manifest.lock\" > /dev/null\nif [[ $? != 0 ]] ; then\n    cat << EOM\nerror: The sandbox is not in sync with the Podfile.lock. Run 'pod install' or update your CocoaPods installation.\nEOM\n    exit 1\nfi\n";
			showEnvVarsInLog = 0;
		};
		AFD80DDFAA8912FE675336CF /* [CP] Embed Pods Frameworks */ = {
			isa = PBXShellScriptBuildPhase;
			buildActionMask = 2147483647;
			files = (
			);
			inputPaths = (
			);
			name = "[CP] Embed Pods Frameworks";
			outputPaths = (
			);
			runOnlyForDeploymentPostprocessing = 0;
			shellPath = /bin/sh;
			shellScript = "\"${SRCROOT}/Pods/Target Support Files/Pods-AssistTests/Pods-AssistTests-frameworks.sh\"\n";
			showEnvVarsInLog = 0;
		};
		D2248433EA9BFC5DBD5E1960 /* [CP] Copy Pods Resources */ = {
			isa = PBXShellScriptBuildPhase;
			buildActionMask = 2147483647;
			files = (
			);
			inputPaths = (
			);
			name = "[CP] Copy Pods Resources";
			outputPaths = (
			);
			runOnlyForDeploymentPostprocessing = 0;
			shellPath = /bin/sh;
			shellScript = "\"${SRCROOT}/Pods/Target Support Files/Pods-Assist/Pods-Assist-resources.sh\"\n";
			showEnvVarsInLog = 0;
		};
		D6DCB4658C469E1691693C0B /* [CP] Check Pods Manifest.lock */ = {
			isa = PBXShellScriptBuildPhase;
			buildActionMask = 2147483647;
			files = (
			);
			inputPaths = (
			);
			name = "[CP] Check Pods Manifest.lock";
			outputPaths = (
			);
			runOnlyForDeploymentPostprocessing = 0;
			shellPath = /bin/sh;
			shellScript = "diff \"${PODS_ROOT}/../Podfile.lock\" \"${PODS_ROOT}/Manifest.lock\" > /dev/null\nif [[ $? != 0 ]] ; then\n    cat << EOM\nerror: The sandbox is not in sync with the Podfile.lock. Run 'pod install' or update your CocoaPods installation.\nEOM\n    exit 1\nfi\n";
			showEnvVarsInLog = 0;
		};
		D7C17B4F6B43A5C334B0E33A /* [CP] Embed Pods Frameworks */ = {
			isa = PBXShellScriptBuildPhase;
			buildActionMask = 2147483647;
			files = (
			);
			inputPaths = (
			);
			name = "[CP] Embed Pods Frameworks";
			outputPaths = (
			);
			runOnlyForDeploymentPostprocessing = 0;
			shellPath = /bin/sh;
			shellScript = "\"${SRCROOT}/Pods/Target Support Files/Pods-Assist/Pods-Assist-frameworks.sh\"\n";
			showEnvVarsInLog = 0;
		};
/* End PBXShellScriptBuildPhase section */

/* Begin PBXSourcesBuildPhase section */
		034051361DD4295D005F6B82 /* Sources */ = {
			isa = PBXSourcesBuildPhase;
			buildActionMask = 2147483647;
			files = (
				031300F31DD9126400381716 /* TaskListTableViewController.swift in Sources */,
				0340513E1DD4295D005F6B82 /* AppDelegate.swift in Sources */,
				034F54371DDAD9E10080F599 /* AssistantService.swift in Sources */,
				854B30B81DEBFF680059DC61 /* ContactsService.swift in Sources */,
				034F543A1DDAD9E10080F599 /* OptionService.swift in Sources */,
				D45573211DD92C500000B938 /* MessageTableViewCell.swift in Sources */,
				857754FB1DF39E1A00EBAC7C /* LocationService.swift in Sources */,
				0340517B1DD4366A005F6B82 /* TaskTableViewCell.swift in Sources */,
				857754F71DF3884D00EBAC7C /* AddTaskLocationViewController.swift in Sources */,
				8597AC341DF2492F00C98D6B /* CreateTaskViewController.swift in Sources */,
				853C9E321DF27A7700AC0CEB /* TagsTrayView.swift in Sources */,
				031301051DD9363500381716 /* SignUpMoreDetailsViewController.swift in Sources */,
				85414BD61DF7D12800390A1F /* MessageTaskTableViewCell.swift in Sources */,
				D44E02A41DF3828A00ABF5EB /* SlidingViewController.swift in Sources */,
				D455731F1DD92C350000B938 /* HomeViewController.swift in Sources */,
				85B318B81DEBA865007E0DBF /* TaskDetailTableViewCell.swift in Sources */,
				031301031DD9289F00381716 /* SignUpViewController.swift in Sources */,
				85414BCA1DF4DE9300390A1F /* ContactsTableViewCell.swift in Sources */,
				031301071DD9369000381716 /* MeetAssistantViewController.swift in Sources */,
				034051751DD4356B005F6B82 /* Client.swift in Sources */,
				85B318B41DEB805C007E0DBF /* Message.swift in Sources */,
				85414BD81DF7F66D00390A1F /* MessageBubbleTableViewCell.swift in Sources */,
				859B55431DDA149C00CBD957 /* AssistantTaskType.swift in Sources */,
				031300F71DD912A600381716 /* TasksViewController.swift in Sources */,
				85414BCE1DF4E20100390A1F /* DateTimeTableViewCell.swift in Sources */,
				859B55441DDA149C00CBD957 /* Constants.swift in Sources */,
				D44C1C091DF4E3850026BDC2 /* CalendarService.swift in Sources */,
				D4F79B611DF3A7E600C6AA8B /* SlidableViewController.swift in Sources */,
				853C9E301DF278A600AC0CEB /* CreateTaskToolBarView.swift in Sources */,
				859B55451DDA149C00CBD957 /* Gender.swift in Sources */,
				0340516D1DD429E8005F6B82 /* AssistClient.swift in Sources */,
				8597AC301DF0AFA600C98D6B /* Contact.swift in Sources */,
				034051791DD435B8005F6B82 /* Assistant.swift in Sources */,
				0307B6B81DF3F7BA00D8A3FF /* CalendarTableCellTableViewCell.swift in Sources */,
				0340517F1DD43855005F6B82 /* UIColorExtension.swift in Sources */,
				034F543B1DDAD9E10080F599 /* TaskService.swift in Sources */,
				85414BDA1DF8138900390A1F /* MessageTaskButton.swift in Sources */,
				857754F91DF390F500EBAC7C /* AddTaskContactsViewController.swift in Sources */,
				85414BD21DF6517E00390A1F /* CNContactExtention.swift in Sources */,
				0307B6B01DEFF28C00D8A3FF /* CalendarViewController.swift in Sources */,
				031300FD1DD9194200381716 /* SettingsViewController.swift in Sources */,
				0340516F1DD42A18005F6B82 /* VoiceToTextClient.swift in Sources */,
				034F54381DDAD9E10080F599 /* AuthService.swift in Sources */,
				85414BD01DF5E91F00390A1F /* UIPlaceholderTextView.swift in Sources */,
				031301011DD9289400381716 /* SignInViewController.swift in Sources */,
				859B55461DDA149C00CBD957 /* Profession.swift in Sources */,
				0307B6B61DF3ABC300D8A3FF /* CalendarHeaderView.swift in Sources */,
				034051771DD43583005F6B82 /* Task.swift in Sources */,
				0331B6371DF797DC00FD42EE /* SearchResultTableViewCell.swift in Sources */,
				031300F51DD9127800381716 /* TaskMapViewController.swift in Sources */,
				0307B6AE1DEFE93100D8A3FF /* CalendarCellView.swift in Sources */,
				034F54391DDAD9E10080F599 /* ClientService.swift in Sources */,
				85B318B21DEB7FEA007E0DBF /* VoiceToTextViewController.swift in Sources */,
				85B318B61DEBA843007E0DBF /* TaskDetailViewController.swift in Sources */,
				034051711DD42A27005F6B82 /* MessagingClient.swift in Sources */,
				853C9E361DF2C27000AC0CEB /* AddTaskInfoTableViewController.swift in Sources */,
				85414BCC1DF4DEA100390A1F /* LocationTableViewCell.swift in Sources */,
				852D20A61DEE8C0E009AFA98 /* TaskTypeButton.swift in Sources */,
			);
			runOnlyForDeploymentPostprocessing = 0;
		};
		0340514A1DD4295D005F6B82 /* Sources */ = {
			isa = PBXSourcesBuildPhase;
			buildActionMask = 2147483647;
			files = (
				034051531DD4295D005F6B82 /* AssistTests.swift in Sources */,
			);
			runOnlyForDeploymentPostprocessing = 0;
		};
		034051551DD4295D005F6B82 /* Sources */ = {
			isa = PBXSourcesBuildPhase;
			buildActionMask = 2147483647;
			files = (
				0340515E1DD4295D005F6B82 /* AssistUITests.swift in Sources */,
			);
			runOnlyForDeploymentPostprocessing = 0;
		};
/* End PBXSourcesBuildPhase section */

/* Begin PBXTargetDependency section */
		034051501DD4295D005F6B82 /* PBXTargetDependency */ = {
			isa = PBXTargetDependency;
			target = 034051391DD4295D005F6B82 /* Assist */;
			targetProxy = 0340514F1DD4295D005F6B82 /* PBXContainerItemProxy */;
		};
		0340515B1DD4295D005F6B82 /* PBXTargetDependency */ = {
			isa = PBXTargetDependency;
			target = 034051391DD4295D005F6B82 /* Assist */;
			targetProxy = 0340515A1DD4295D005F6B82 /* PBXContainerItemProxy */;
		};
/* End PBXTargetDependency section */

/* Begin PBXVariantGroup section */
		034051411DD4295D005F6B82 /* Main.storyboard */ = {
			isa = PBXVariantGroup;
			children = (
				034051421DD4295D005F6B82 /* Base */,
			);
			name = Main.storyboard;
			sourceTree = "<group>";
		};
		034051461DD4295D005F6B82 /* LaunchScreen.storyboard */ = {
			isa = PBXVariantGroup;
			children = (
				034051471DD4295D005F6B82 /* Base */,
			);
			name = LaunchScreen.storyboard;
			sourceTree = "<group>";
		};
/* End PBXVariantGroup section */

/* Begin XCBuildConfiguration section */
		034051601DD4295D005F6B82 /* Debug */ = {
			isa = XCBuildConfiguration;
			buildSettings = {
				ALWAYS_SEARCH_USER_PATHS = NO;
				CLANG_ANALYZER_NONNULL = YES;
				CLANG_CXX_LANGUAGE_STANDARD = "gnu++0x";
				CLANG_CXX_LIBRARY = "libc++";
				CLANG_ENABLE_MODULES = YES;
				CLANG_ENABLE_OBJC_ARC = YES;
				CLANG_WARN_BOOL_CONVERSION = YES;
				CLANG_WARN_CONSTANT_CONVERSION = YES;
				CLANG_WARN_DIRECT_OBJC_ISA_USAGE = YES_ERROR;
				CLANG_WARN_DOCUMENTATION_COMMENTS = YES;
				CLANG_WARN_EMPTY_BODY = YES;
				CLANG_WARN_ENUM_CONVERSION = YES;
				CLANG_WARN_INFINITE_RECURSION = YES;
				CLANG_WARN_INT_CONVERSION = YES;
				CLANG_WARN_OBJC_ROOT_CLASS = YES_ERROR;
				CLANG_WARN_SUSPICIOUS_MOVE = YES;
				CLANG_WARN_SUSPICIOUS_MOVES = YES;
				CLANG_WARN_UNREACHABLE_CODE = YES;
				CLANG_WARN__DUPLICATE_METHOD_MATCH = YES;
				"CODE_SIGN_IDENTITY[sdk=iphoneos*]" = "iPhone Developer";
				COPY_PHASE_STRIP = NO;
				DEBUG_INFORMATION_FORMAT = dwarf;
				ENABLE_STRICT_OBJC_MSGSEND = YES;
				ENABLE_TESTABILITY = YES;
				GCC_C_LANGUAGE_STANDARD = gnu99;
				GCC_DYNAMIC_NO_PIC = NO;
				GCC_NO_COMMON_BLOCKS = YES;
				GCC_OPTIMIZATION_LEVEL = 0;
				GCC_PREPROCESSOR_DEFINITIONS = (
					"DEBUG=1",
					"$(inherited)",
				);
				GCC_WARN_64_TO_32_BIT_CONVERSION = YES;
				GCC_WARN_ABOUT_RETURN_TYPE = YES_ERROR;
				GCC_WARN_UNDECLARED_SELECTOR = YES;
				GCC_WARN_UNINITIALIZED_AUTOS = YES_AGGRESSIVE;
				GCC_WARN_UNUSED_FUNCTION = YES;
				GCC_WARN_UNUSED_VARIABLE = YES;
				IPHONEOS_DEPLOYMENT_TARGET = 10.0;
				MTL_ENABLE_DEBUG_INFO = YES;
				ONLY_ACTIVE_ARCH = YES;
				SDKROOT = iphoneos;
				SWIFT_ACTIVE_COMPILATION_CONDITIONS = DEBUG;
				SWIFT_OPTIMIZATION_LEVEL = "-Onone";
			};
			name = Debug;
		};
		034051611DD4295D005F6B82 /* Release */ = {
			isa = XCBuildConfiguration;
			buildSettings = {
				ALWAYS_SEARCH_USER_PATHS = NO;
				CLANG_ANALYZER_NONNULL = YES;
				CLANG_CXX_LANGUAGE_STANDARD = "gnu++0x";
				CLANG_CXX_LIBRARY = "libc++";
				CLANG_ENABLE_MODULES = YES;
				CLANG_ENABLE_OBJC_ARC = YES;
				CLANG_WARN_BOOL_CONVERSION = YES;
				CLANG_WARN_CONSTANT_CONVERSION = YES;
				CLANG_WARN_DIRECT_OBJC_ISA_USAGE = YES_ERROR;
				CLANG_WARN_DOCUMENTATION_COMMENTS = YES;
				CLANG_WARN_EMPTY_BODY = YES;
				CLANG_WARN_ENUM_CONVERSION = YES;
				CLANG_WARN_INFINITE_RECURSION = YES;
				CLANG_WARN_INT_CONVERSION = YES;
				CLANG_WARN_OBJC_ROOT_CLASS = YES_ERROR;
				CLANG_WARN_SUSPICIOUS_MOVE = YES;
				CLANG_WARN_SUSPICIOUS_MOVES = YES;
				CLANG_WARN_UNREACHABLE_CODE = YES;
				CLANG_WARN__DUPLICATE_METHOD_MATCH = YES;
				"CODE_SIGN_IDENTITY[sdk=iphoneos*]" = "iPhone Developer";
				COPY_PHASE_STRIP = NO;
				DEBUG_INFORMATION_FORMAT = "dwarf-with-dsym";
				ENABLE_NS_ASSERTIONS = NO;
				ENABLE_STRICT_OBJC_MSGSEND = YES;
				GCC_C_LANGUAGE_STANDARD = gnu99;
				GCC_NO_COMMON_BLOCKS = YES;
				GCC_WARN_64_TO_32_BIT_CONVERSION = YES;
				GCC_WARN_ABOUT_RETURN_TYPE = YES_ERROR;
				GCC_WARN_UNDECLARED_SELECTOR = YES;
				GCC_WARN_UNINITIALIZED_AUTOS = YES_AGGRESSIVE;
				GCC_WARN_UNUSED_FUNCTION = YES;
				GCC_WARN_UNUSED_VARIABLE = YES;
				IPHONEOS_DEPLOYMENT_TARGET = 10.0;
				MTL_ENABLE_DEBUG_INFO = NO;
				SDKROOT = iphoneos;
				SWIFT_OPTIMIZATION_LEVEL = "-Owholemodule";
				VALIDATE_PRODUCT = YES;
			};
			name = Release;
		};
		034051631DD4295D005F6B82 /* Debug */ = {
			isa = XCBuildConfiguration;
			baseConfigurationReference = 8552ED586C4FA516FB793020 /* Pods-Assist.debug.xcconfig */;
			buildSettings = {
				ALWAYS_EMBED_SWIFT_STANDARD_LIBRARIES = YES;
				ASSETCATALOG_COMPILER_APPICON_NAME = AppIcon;
				DEVELOPMENT_TEAM = DTRAWCP5X2;
				INFOPLIST_FILE = Assist/Info.plist;
				LD_RUNPATH_SEARCH_PATHS = "$(inherited) @executable_path/Frameworks";
				PRODUCT_BUNDLE_IDENTIFIER = com.assist.Assists;
				PRODUCT_NAME = "$(TARGET_NAME)";
				SWIFT_VERSION = 3.0;
			};
			name = Debug;
		};
		034051641DD4295D005F6B82 /* Release */ = {
			isa = XCBuildConfiguration;
			baseConfigurationReference = 958203F3BBE5800D1F090F2C /* Pods-Assist.release.xcconfig */;
			buildSettings = {
				ALWAYS_EMBED_SWIFT_STANDARD_LIBRARIES = YES;
				ASSETCATALOG_COMPILER_APPICON_NAME = AppIcon;
				DEVELOPMENT_TEAM = DTRAWCP5X2;
				INFOPLIST_FILE = Assist/Info.plist;
				LD_RUNPATH_SEARCH_PATHS = "$(inherited) @executable_path/Frameworks";
				PRODUCT_BUNDLE_IDENTIFIER = com.assist.Assists;
				PRODUCT_NAME = "$(TARGET_NAME)";
				SWIFT_VERSION = 3.0;
			};
			name = Release;
		};
		034051661DD4295D005F6B82 /* Debug */ = {
			isa = XCBuildConfiguration;
			baseConfigurationReference = 7D5311A8DEE0F7D2BF0B152C /* Pods-AssistTests.debug.xcconfig */;
			buildSettings = {
				ALWAYS_EMBED_SWIFT_STANDARD_LIBRARIES = YES;
				BUNDLE_LOADER = "$(TEST_HOST)";
				INFOPLIST_FILE = AssistTests/Info.plist;
				LD_RUNPATH_SEARCH_PATHS = "$(inherited) @executable_path/Frameworks @loader_path/Frameworks";
				PRODUCT_BUNDLE_IDENTIFIER = com.assist.AssistTests;
				PRODUCT_NAME = "$(TARGET_NAME)";
				SWIFT_VERSION = 3.0;
				TEST_HOST = "$(BUILT_PRODUCTS_DIR)/Assist.app/Assist";
			};
			name = Debug;
		};
		034051671DD4295D005F6B82 /* Release */ = {
			isa = XCBuildConfiguration;
			baseConfigurationReference = 3B894A11EA184502DFE38C7A /* Pods-AssistTests.release.xcconfig */;
			buildSettings = {
				ALWAYS_EMBED_SWIFT_STANDARD_LIBRARIES = YES;
				BUNDLE_LOADER = "$(TEST_HOST)";
				INFOPLIST_FILE = AssistTests/Info.plist;
				LD_RUNPATH_SEARCH_PATHS = "$(inherited) @executable_path/Frameworks @loader_path/Frameworks";
				PRODUCT_BUNDLE_IDENTIFIER = com.assist.AssistTests;
				PRODUCT_NAME = "$(TARGET_NAME)";
				SWIFT_VERSION = 3.0;
				TEST_HOST = "$(BUILT_PRODUCTS_DIR)/Assist.app/Assist";
			};
			name = Release;
		};
		034051691DD4295D005F6B82 /* Debug */ = {
			isa = XCBuildConfiguration;
			baseConfigurationReference = 818BF3C821630FA4A0AC7980 /* Pods-AssistUITests.debug.xcconfig */;
			buildSettings = {
				ALWAYS_EMBED_SWIFT_STANDARD_LIBRARIES = YES;
				INFOPLIST_FILE = AssistUITests/Info.plist;
				LD_RUNPATH_SEARCH_PATHS = "$(inherited) @executable_path/Frameworks @loader_path/Frameworks";
				PRODUCT_BUNDLE_IDENTIFIER = com.assist.AssistUITests;
				PRODUCT_NAME = "$(TARGET_NAME)";
				SWIFT_VERSION = 3.0;
				TEST_TARGET_NAME = Assist;
			};
			name = Debug;
		};
		0340516A1DD4295D005F6B82 /* Release */ = {
			isa = XCBuildConfiguration;
			baseConfigurationReference = 43FC3B4ADE01A71965816EC3 /* Pods-AssistUITests.release.xcconfig */;
			buildSettings = {
				ALWAYS_EMBED_SWIFT_STANDARD_LIBRARIES = YES;
				INFOPLIST_FILE = AssistUITests/Info.plist;
				LD_RUNPATH_SEARCH_PATHS = "$(inherited) @executable_path/Frameworks @loader_path/Frameworks";
				PRODUCT_BUNDLE_IDENTIFIER = com.assist.AssistUITests;
				PRODUCT_NAME = "$(TARGET_NAME)";
				SWIFT_VERSION = 3.0;
				TEST_TARGET_NAME = Assist;
			};
			name = Release;
		};
/* End XCBuildConfiguration section */

/* Begin XCConfigurationList section */
		034051351DD4295D005F6B82 /* Build configuration list for PBXProject "Assist" */ = {
			isa = XCConfigurationList;
			buildConfigurations = (
				034051601DD4295D005F6B82 /* Debug */,
				034051611DD4295D005F6B82 /* Release */,
			);
			defaultConfigurationIsVisible = 0;
			defaultConfigurationName = Release;
		};
		034051621DD4295D005F6B82 /* Build configuration list for PBXNativeTarget "Assist" */ = {
			isa = XCConfigurationList;
			buildConfigurations = (
				034051631DD4295D005F6B82 /* Debug */,
				034051641DD4295D005F6B82 /* Release */,
			);
			defaultConfigurationIsVisible = 0;
			defaultConfigurationName = Release;
		};
		034051651DD4295D005F6B82 /* Build configuration list for PBXNativeTarget "AssistTests" */ = {
			isa = XCConfigurationList;
			buildConfigurations = (
				034051661DD4295D005F6B82 /* Debug */,
				034051671DD4295D005F6B82 /* Release */,
			);
			defaultConfigurationIsVisible = 0;
			defaultConfigurationName = Release;
		};
		034051681DD4295D005F6B82 /* Build configuration list for PBXNativeTarget "AssistUITests" */ = {
			isa = XCConfigurationList;
			buildConfigurations = (
				034051691DD4295D005F6B82 /* Debug */,
				0340516A1DD4295D005F6B82 /* Release */,
			);
			defaultConfigurationIsVisible = 0;
			defaultConfigurationName = Release;
		};
/* End XCConfigurationList section */
	};
	rootObject = 034051321DD4295D005F6B82 /* Project object */;
}
